
Microsoft Visual Studio Solution File, Format Version 12.00
# Visual Studio Version 17
VisualStudioVersion = 17.8.34511.84
MinimumVisualStudioVersion = 10.0.40219.1
Project("{FAE04EC0-301F-11D3-BF4B-00C04F79EFBC}") = "Exercise60", "Exercise60\Exercise60.csproj", "{146EDF3E-BDEC-46D7-AABD-8CCA86DDBF60}"
EndProject
Global
	GlobalSection(SolutionConfigurationPlatforms) = preSolution
		Debug|Any CPU = Debug|Any CPU
		Release|Any CPU = Release|Any CPU
	EndGlobalSection
	GlobalSection(ProjectConfigurationPlatforms) = postSolution
		{146EDF3E-BDEC-46D7-AABD-8CCA86DDBF60}.Debug|Any CPU.ActiveCfg = Debug|Any CPU
		{146EDF3E-BDEC-46D7-AABD-8CCA86DDBF60}.Debug|Any CPU.Build.0 = Debug|Any CPU
		{146EDF3E-BDEC-46D7-AABD-8CCA86DDBF60}.Release|Any CPU.ActiveCfg = Release|Any CPU
		{146EDF3E-BDEC-46D7-AABD-8CCA86DDBF60}.Release|Any CPU.Build.0 = Release|Any CPU
	EndGlobalSection
	GlobalSection(SolutionProperties) = preSolution
		HideSolutionNode = FALSE
	EndGlobalSection
	GlobalSection(ExtensibilityGlobals) = postSolution
		SolutionGuid = {C1D3B52E-A141-45C5-9D0D-770D239BF0DE}
	EndGlobalSection
EndGlobal
