
Microsoft Visual Studio Solution File, Format Version 12.00
# Visual Studio Version 17
VisualStudioVersion = 17.8.34330.188
MinimumVisualStudioVersion = 10.0.40219.1
Project("{FAE04EC0-301F-11D3-BF4B-00C04F79EFBC}") = "OsValores", "OsValores\OsValores.csproj", "{D7E29E79-82FE-41DC-A813-F09C1E6F3AF5}"
EndProject
Global
	GlobalSection(SolutionConfigurationPlatforms) = preSolution
		Debug|Any CPU = Debug|Any CPU
		Release|Any CPU = Release|Any CPU
	EndGlobalSection
	GlobalSection(ProjectConfigurationPlatforms) = postSolution
		{D7E29E79-82FE-41DC-A813-F09C1E6F3AF5}.Debug|Any CPU.ActiveCfg = Debug|Any CPU
		{D7E29E79-82FE-41DC-A813-F09C1E6F3AF5}.Debug|Any CPU.Build.0 = Debug|Any CPU
		{D7E29E79-82FE-41DC-A813-F09C1E6F3AF5}.Release|Any CPU.ActiveCfg = Release|Any CPU
		{D7E29E79-82FE-41DC-A813-F09C1E6F3AF5}.Release|Any CPU.Build.0 = Release|Any CPU
	EndGlobalSection
	GlobalSection(SolutionProperties) = preSolution
		HideSolutionNode = FALSE
	EndGlobalSection
	GlobalSection(ExtensibilityGlobals) = postSolution
		SolutionGuid = {EEEDE301-CFF3-4F7F-A6FA-B10A2F3EACF2}
	EndGlobalSection
EndGlobal
