
Microsoft Visual Studio Solution File, Format Version 12.00
# Visual Studio Version 17
VisualStudioVersion = 17.8.34511.84
MinimumVisualStudioVersion = 10.0.40219.1
Project("{FAE04EC0-301F-11D3-BF4B-00C04F79EFBC}") = "Exercise37", "Exercise37\Exercise37.csproj", "{15EC4680-EBE5-4ED3-A012-0E23C75A9569}"
EndProject
Global
	GlobalSection(SolutionConfigurationPlatforms) = preSolution
		Debug|Any CPU = Debug|Any CPU
		Release|Any CPU = Release|Any CPU
	EndGlobalSection
	GlobalSection(ProjectConfigurationPlatforms) = postSolution
		{15EC4680-EBE5-4ED3-A012-0E23C75A9569}.Debug|Any CPU.ActiveCfg = Debug|Any CPU
		{15EC4680-EBE5-4ED3-A012-0E23C75A9569}.Debug|Any CPU.Build.0 = Debug|Any CPU
		{15EC4680-EBE5-4ED3-A012-0E23C75A9569}.Release|Any CPU.ActiveCfg = Release|Any CPU
		{15EC4680-EBE5-4ED3-A012-0E23C75A9569}.Release|Any CPU.Build.0 = Release|Any CPU
	EndGlobalSection
	GlobalSection(SolutionProperties) = preSolution
		HideSolutionNode = FALSE
	EndGlobalSection
	GlobalSection(ExtensibilityGlobals) = postSolution
		SolutionGuid = {B57B2A4A-A227-4718-AADA-91DFCF44EE3F}
	EndGlobalSection
EndGlobal
