
Microsoft Visual Studio Solution File, Format Version 12.00
# Visual Studio Version 17
VisualStudioVersion = 17.8.34511.84
MinimumVisualStudioVersion = 10.0.40219.1
Project("{FAE04EC0-301F-11D3-BF4B-00C04F79EFBC}") = "Exercise42", "Exercise42\Exercise42.csproj", "{E23C6E9D-9CE4-4338-BA68-7E74DAE1F5B2}"
EndProject
Global
	GlobalSection(SolutionConfigurationPlatforms) = preSolution
		Debug|Any CPU = Debug|Any CPU
		Release|Any CPU = Release|Any CPU
	EndGlobalSection
	GlobalSection(ProjectConfigurationPlatforms) = postSolution
		{E23C6E9D-9CE4-4338-BA68-7E74DAE1F5B2}.Debug|Any CPU.ActiveCfg = Debug|Any CPU
		{E23C6E9D-9CE4-4338-BA68-7E74DAE1F5B2}.Debug|Any CPU.Build.0 = Debug|Any CPU
		{E23C6E9D-9CE4-4338-BA68-7E74DAE1F5B2}.Release|Any CPU.ActiveCfg = Release|Any CPU
		{E23C6E9D-9CE4-4338-BA68-7E74DAE1F5B2}.Release|Any CPU.Build.0 = Release|Any CPU
	EndGlobalSection
	GlobalSection(SolutionProperties) = preSolution
		HideSolutionNode = FALSE
	EndGlobalSection
	GlobalSection(ExtensibilityGlobals) = postSolution
		SolutionGuid = {8E48634B-948A-4735-A164-49A50389D378}
	EndGlobalSection
EndGlobal
