
Microsoft Visual Studio Solution File, Format Version 12.00
# Visual Studio Version 17
VisualStudioVersion = 17.8.34511.84
MinimumVisualStudioVersion = 10.0.40219.1
Project("{FAE04EC0-301F-11D3-BF4B-00C04F79EFBC}") = "Exercise59", "Exercise59\Exercise59.csproj", "{A3820DA9-6B7A-4AF5-A763-17E4BC5557DA}"
EndProject
Global
	GlobalSection(SolutionConfigurationPlatforms) = preSolution
		Debug|Any CPU = Debug|Any CPU
		Release|Any CPU = Release|Any CPU
	EndGlobalSection
	GlobalSection(ProjectConfigurationPlatforms) = postSolution
		{A3820DA9-6B7A-4AF5-A763-17E4BC5557DA}.Debug|Any CPU.ActiveCfg = Debug|Any CPU
		{A3820DA9-6B7A-4AF5-A763-17E4BC5557DA}.Debug|Any CPU.Build.0 = Debug|Any CPU
		{A3820DA9-6B7A-4AF5-A763-17E4BC5557DA}.Release|Any CPU.ActiveCfg = Release|Any CPU
		{A3820DA9-6B7A-4AF5-A763-17E4BC5557DA}.Release|Any CPU.Build.0 = Release|Any CPU
	EndGlobalSection
	GlobalSection(SolutionProperties) = preSolution
		HideSolutionNode = FALSE
	EndGlobalSection
	GlobalSection(ExtensibilityGlobals) = postSolution
		SolutionGuid = {F60B5AFC-BAFE-40A8-B29B-6368B6A71B9F}
	EndGlobalSection
EndGlobal
