
Microsoft Visual Studio Solution File, Format Version 12.00
# Visual Studio Version 17
VisualStudioVersion = 17.8.34511.84
MinimumVisualStudioVersion = 10.0.40219.1
Project("{FAE04EC0-301F-11D3-BF4B-00C04F79EFBC}") = "Exercise29", "Exercise29\Exercise29.csproj", "{C8AF7F51-D679-44C0-8AAF-4CCA0965B936}"
EndProject
Global
	GlobalSection(SolutionConfigurationPlatforms) = preSolution
		Debug|Any CPU = Debug|Any CPU
		Release|Any CPU = Release|Any CPU
	EndGlobalSection
	GlobalSection(ProjectConfigurationPlatforms) = postSolution
		{C8AF7F51-D679-44C0-8AAF-4CCA0965B936}.Debug|Any CPU.ActiveCfg = Debug|Any CPU
		{C8AF7F51-D679-44C0-8AAF-4CCA0965B936}.Debug|Any CPU.Build.0 = Debug|Any CPU
		{C8AF7F51-D679-44C0-8AAF-4CCA0965B936}.Release|Any CPU.ActiveCfg = Release|Any CPU
		{C8AF7F51-D679-44C0-8AAF-4CCA0965B936}.Release|Any CPU.Build.0 = Release|Any CPU
	EndGlobalSection
	GlobalSection(SolutionProperties) = preSolution
		HideSolutionNode = FALSE
	EndGlobalSection
	GlobalSection(ExtensibilityGlobals) = postSolution
		SolutionGuid = {D886F5DA-493D-4324-8B14-8182687D5AF0}
	EndGlobalSection
EndGlobal
