
Microsoft Visual Studio Solution File, Format Version 12.00
# Visual Studio Version 17
VisualStudioVersion = 17.8.34330.188
MinimumVisualStudioVersion = 10.0.40219.1
Project("{FAE04EC0-301F-11D3-BF4B-00C04F79EFBC}") = "Exercise19", "Exercise19\Exercise19.csproj", "{B8813E0F-CFE7-404B-AC0B-D4E03FE67DF3}"
EndProject
Global
	GlobalSection(SolutionConfigurationPlatforms) = preSolution
		Debug|Any CPU = Debug|Any CPU
		Release|Any CPU = Release|Any CPU
	EndGlobalSection
	GlobalSection(ProjectConfigurationPlatforms) = postSolution
		{B8813E0F-CFE7-404B-AC0B-D4E03FE67DF3}.Debug|Any CPU.ActiveCfg = Debug|Any CPU
		{B8813E0F-CFE7-404B-AC0B-D4E03FE67DF3}.Debug|Any CPU.Build.0 = Debug|Any CPU
		{B8813E0F-CFE7-404B-AC0B-D4E03FE67DF3}.Release|Any CPU.ActiveCfg = Release|Any CPU
		{B8813E0F-CFE7-404B-AC0B-D4E03FE67DF3}.Release|Any CPU.Build.0 = Release|Any CPU
	EndGlobalSection
	GlobalSection(SolutionProperties) = preSolution
		HideSolutionNode = FALSE
	EndGlobalSection
	GlobalSection(ExtensibilityGlobals) = postSolution
		SolutionGuid = {0FC5F1FE-660A-43E7-B2AB-3602503F9EC0}
	EndGlobalSection
EndGlobal
