
Microsoft Visual Studio Solution File, Format Version 12.00
# Visual Studio Version 17
VisualStudioVersion = 17.8.34330.188
MinimumVisualStudioVersion = 10.0.40219.1
Project("{FAE04EC0-301F-11D3-BF4B-00C04F79EFBC}") = "MelhorAluno", "MelhorAluno\MelhorAluno.csproj", "{15E92812-0550-4859-8C8B-8E983BE51439}"
EndProject
Global
	GlobalSection(SolutionConfigurationPlatforms) = preSolution
		Debug|Any CPU = Debug|Any CPU
		Release|Any CPU = Release|Any CPU
	EndGlobalSection
	GlobalSection(ProjectConfigurationPlatforms) = postSolution
		{15E92812-0550-4859-8C8B-8E983BE51439}.Debug|Any CPU.ActiveCfg = Debug|Any CPU
		{15E92812-0550-4859-8C8B-8E983BE51439}.Debug|Any CPU.Build.0 = Debug|Any CPU
		{15E92812-0550-4859-8C8B-8E983BE51439}.Release|Any CPU.ActiveCfg = Release|Any CPU
		{15E92812-0550-4859-8C8B-8E983BE51439}.Release|Any CPU.Build.0 = Release|Any CPU
	EndGlobalSection
	GlobalSection(SolutionProperties) = preSolution
		HideSolutionNode = FALSE
	EndGlobalSection
	GlobalSection(ExtensibilityGlobals) = postSolution
		SolutionGuid = {08E912C0-83D1-4E76-B722-426882648C89}
	EndGlobalSection
EndGlobal
