
Microsoft Visual Studio Solution File, Format Version 12.00
# Visual Studio Version 17
VisualStudioVersion = 17.8.34330.188
MinimumVisualStudioVersion = 10.0.40219.1
Project("{FAE04EC0-301F-11D3-BF4B-00C04F79EFBC}") = "Exercise26", "Exercise26\Exercise26.csproj", "{214B381C-06D4-493E-8C4E-7D8EE75D8834}"
EndProject
Global
	GlobalSection(SolutionConfigurationPlatforms) = preSolution
		Debug|Any CPU = Debug|Any CPU
		Release|Any CPU = Release|Any CPU
	EndGlobalSection
	GlobalSection(ProjectConfigurationPlatforms) = postSolution
		{214B381C-06D4-493E-8C4E-7D8EE75D8834}.Debug|Any CPU.ActiveCfg = Debug|Any CPU
		{214B381C-06D4-493E-8C4E-7D8EE75D8834}.Debug|Any CPU.Build.0 = Debug|Any CPU
		{214B381C-06D4-493E-8C4E-7D8EE75D8834}.Release|Any CPU.ActiveCfg = Release|Any CPU
		{214B381C-06D4-493E-8C4E-7D8EE75D8834}.Release|Any CPU.Build.0 = Release|Any CPU
	EndGlobalSection
	GlobalSection(SolutionProperties) = preSolution
		HideSolutionNode = FALSE
	EndGlobalSection
	GlobalSection(ExtensibilityGlobals) = postSolution
		SolutionGuid = {9865AE5E-B2D2-4DD7-AA8F-BA49AE23D679}
	EndGlobalSection
EndGlobal
