
Microsoft Visual Studio Solution File, Format Version 12.00
# Visual Studio Version 17
VisualStudioVersion = 17.8.34330.188
MinimumVisualStudioVersion = 10.0.40219.1
Project("{FAE04EC0-301F-11D3-BF4B-00C04F79EFBC}") = "Exercise07", "Exercise07\Exercise07.csproj", "{10B2651A-7D2A-4128-9A0D-73B35D1F63DE}"
EndProject
Global
	GlobalSection(SolutionConfigurationPlatforms) = preSolution
		Debug|Any CPU = Debug|Any CPU
		Release|Any CPU = Release|Any CPU
	EndGlobalSection
	GlobalSection(ProjectConfigurationPlatforms) = postSolution
		{10B2651A-7D2A-4128-9A0D-73B35D1F63DE}.Debug|Any CPU.ActiveCfg = Debug|Any CPU
		{10B2651A-7D2A-4128-9A0D-73B35D1F63DE}.Debug|Any CPU.Build.0 = Debug|Any CPU
		{10B2651A-7D2A-4128-9A0D-73B35D1F63DE}.Release|Any CPU.ActiveCfg = Release|Any CPU
		{10B2651A-7D2A-4128-9A0D-73B35D1F63DE}.Release|Any CPU.Build.0 = Release|Any CPU
	EndGlobalSection
	GlobalSection(SolutionProperties) = preSolution
		HideSolutionNode = FALSE
	EndGlobalSection
	GlobalSection(ExtensibilityGlobals) = postSolution
		SolutionGuid = {8BAAF20E-9BF1-43FC-B43A-EA513A1E4546}
	EndGlobalSection
EndGlobal
