
Microsoft Visual Studio Solution File, Format Version 12.00
# Visual Studio Version 17
VisualStudioVersion = 17.8.34511.84
MinimumVisualStudioVersion = 10.0.40219.1
Project("{FAE04EC0-301F-11D3-BF4B-00C04F79EFBC}") = "Exercise39", "Exercise39\Exercise39.csproj", "{CAE73329-85C3-416E-97CB-C191B7C6B3BF}"
EndProject
Global
	GlobalSection(SolutionConfigurationPlatforms) = preSolution
		Debug|Any CPU = Debug|Any CPU
		Release|Any CPU = Release|Any CPU
	EndGlobalSection
	GlobalSection(ProjectConfigurationPlatforms) = postSolution
		{CAE73329-85C3-416E-97CB-C191B7C6B3BF}.Debug|Any CPU.ActiveCfg = Debug|Any CPU
		{CAE73329-85C3-416E-97CB-C191B7C6B3BF}.Debug|Any CPU.Build.0 = Debug|Any CPU
		{CAE73329-85C3-416E-97CB-C191B7C6B3BF}.Release|Any CPU.ActiveCfg = Release|Any CPU
		{CAE73329-85C3-416E-97CB-C191B7C6B3BF}.Release|Any CPU.Build.0 = Release|Any CPU
	EndGlobalSection
	GlobalSection(SolutionProperties) = preSolution
		HideSolutionNode = FALSE
	EndGlobalSection
	GlobalSection(ExtensibilityGlobals) = postSolution
		SolutionGuid = {33201CE4-9B9C-4537-9BFD-B965DF39F0D4}
	EndGlobalSection
EndGlobal
