
Microsoft Visual Studio Solution File, Format Version 12.00
# Visual Studio Version 17
VisualStudioVersion = 17.8.34330.188
MinimumVisualStudioVersion = 10.0.40219.1
Project("{FAE04EC0-301F-11D3-BF4B-00C04F79EFBC}") = "Exercise17", "Exercise17\Exercise17.csproj", "{60D0D9A6-FF6F-46B1-BB3D-D5900EB965FE}"
EndProject
Global
	GlobalSection(SolutionConfigurationPlatforms) = preSolution
		Debug|Any CPU = Debug|Any CPU
		Release|Any CPU = Release|Any CPU
	EndGlobalSection
	GlobalSection(ProjectConfigurationPlatforms) = postSolution
		{60D0D9A6-FF6F-46B1-BB3D-D5900EB965FE}.Debug|Any CPU.ActiveCfg = Debug|Any CPU
		{60D0D9A6-FF6F-46B1-BB3D-D5900EB965FE}.Debug|Any CPU.Build.0 = Debug|Any CPU
		{60D0D9A6-FF6F-46B1-BB3D-D5900EB965FE}.Release|Any CPU.ActiveCfg = Release|Any CPU
		{60D0D9A6-FF6F-46B1-BB3D-D5900EB965FE}.Release|Any CPU.Build.0 = Release|Any CPU
	EndGlobalSection
	GlobalSection(SolutionProperties) = preSolution
		HideSolutionNode = FALSE
	EndGlobalSection
	GlobalSection(ExtensibilityGlobals) = postSolution
		SolutionGuid = {74D54F12-0DFC-4101-A75D-2B07E1FE0EB0}
	EndGlobalSection
EndGlobal
