
Microsoft Visual Studio Solution File, Format Version 12.00
# Visual Studio Version 17
VisualStudioVersion = 17.8.34511.84
MinimumVisualStudioVersion = 10.0.40219.1
Project("{FAE04EC0-301F-11D3-BF4B-00C04F79EFBC}") = "Exercise32", "Exercise32\Exercise32.csproj", "{2C70C27E-D080-45B2-8ECC-C4CCFF66870D}"
EndProject
Global
	GlobalSection(SolutionConfigurationPlatforms) = preSolution
		Debug|Any CPU = Debug|Any CPU
		Release|Any CPU = Release|Any CPU
	EndGlobalSection
	GlobalSection(ProjectConfigurationPlatforms) = postSolution
		{2C70C27E-D080-45B2-8ECC-C4CCFF66870D}.Debug|Any CPU.ActiveCfg = Debug|Any CPU
		{2C70C27E-D080-45B2-8ECC-C4CCFF66870D}.Debug|Any CPU.Build.0 = Debug|Any CPU
		{2C70C27E-D080-45B2-8ECC-C4CCFF66870D}.Release|Any CPU.ActiveCfg = Release|Any CPU
		{2C70C27E-D080-45B2-8ECC-C4CCFF66870D}.Release|Any CPU.Build.0 = Release|Any CPU
	EndGlobalSection
	GlobalSection(SolutionProperties) = preSolution
		HideSolutionNode = FALSE
	EndGlobalSection
	GlobalSection(ExtensibilityGlobals) = postSolution
		SolutionGuid = {EF05FFE7-E883-41C9-B73B-F5F263A2C3C6}
	EndGlobalSection
EndGlobal
