
Microsoft Visual Studio Solution File, Format Version 12.00
# Visual Studio Version 17
VisualStudioVersion = 17.8.34330.188
MinimumVisualStudioVersion = 10.0.40219.1
Project("{FAE04EC0-301F-11D3-BF4B-00C04F79EFBC}") = "Combinacoes", "Combinacoes\Combinacoes.csproj", "{40AC0D31-19D5-48EB-B7D7-32D1D534E60D}"
EndProject
Global
	GlobalSection(SolutionConfigurationPlatforms) = preSolution
		Debug|Any CPU = Debug|Any CPU
		Release|Any CPU = Release|Any CPU
	EndGlobalSection
	GlobalSection(ProjectConfigurationPlatforms) = postSolution
		{40AC0D31-19D5-48EB-B7D7-32D1D534E60D}.Debug|Any CPU.ActiveCfg = Debug|Any CPU
		{40AC0D31-19D5-48EB-B7D7-32D1D534E60D}.Debug|Any CPU.Build.0 = Debug|Any CPU
		{40AC0D31-19D5-48EB-B7D7-32D1D534E60D}.Release|Any CPU.ActiveCfg = Release|Any CPU
		{40AC0D31-19D5-48EB-B7D7-32D1D534E60D}.Release|Any CPU.Build.0 = Release|Any CPU
	EndGlobalSection
	GlobalSection(SolutionProperties) = preSolution
		HideSolutionNode = FALSE
	EndGlobalSection
	GlobalSection(ExtensibilityGlobals) = postSolution
		SolutionGuid = {BDD591C8-D087-4F8B-A9E2-6E131F87C642}
	EndGlobalSection
EndGlobal
