
Microsoft Visual Studio Solution File, Format Version 12.00
# Visual Studio Version 17
VisualStudioVersion = 17.8.34511.84
MinimumVisualStudioVersion = 10.0.40219.1
Project("{FAE04EC0-301F-11D3-BF4B-00C04F79EFBC}") = "Exercise57", "Exercise57\Exercise57.csproj", "{5F0F2AE5-0525-463D-8183-23B2072933B6}"
EndProject
Global
	GlobalSection(SolutionConfigurationPlatforms) = preSolution
		Debug|Any CPU = Debug|Any CPU
		Release|Any CPU = Release|Any CPU
	EndGlobalSection
	GlobalSection(ProjectConfigurationPlatforms) = postSolution
		{5F0F2AE5-0525-463D-8183-23B2072933B6}.Debug|Any CPU.ActiveCfg = Debug|Any CPU
		{5F0F2AE5-0525-463D-8183-23B2072933B6}.Debug|Any CPU.Build.0 = Debug|Any CPU
		{5F0F2AE5-0525-463D-8183-23B2072933B6}.Release|Any CPU.ActiveCfg = Release|Any CPU
		{5F0F2AE5-0525-463D-8183-23B2072933B6}.Release|Any CPU.Build.0 = Release|Any CPU
	EndGlobalSection
	GlobalSection(SolutionProperties) = preSolution
		HideSolutionNode = FALSE
	EndGlobalSection
	GlobalSection(ExtensibilityGlobals) = postSolution
		SolutionGuid = {B22E0AD3-B32E-4CE8-838D-AA400F2AB821}
	EndGlobalSection
EndGlobal
