
Microsoft Visual Studio Solution File, Format Version 12.00
# Visual Studio Version 17
VisualStudioVersion = 17.8.34330.188
MinimumVisualStudioVersion = 10.0.40219.1
Project("{FAE04EC0-301F-11D3-BF4B-00C04F79EFBC}") = "Exercise21", "Exercise21\Exercise21.csproj", "{A0BB7EDE-BB8D-460E-BF83-220D5A6A438D}"
EndProject
Global
	GlobalSection(SolutionConfigurationPlatforms) = preSolution
		Debug|Any CPU = Debug|Any CPU
		Release|Any CPU = Release|Any CPU
	EndGlobalSection
	GlobalSection(ProjectConfigurationPlatforms) = postSolution
		{A0BB7EDE-BB8D-460E-BF83-220D5A6A438D}.Debug|Any CPU.ActiveCfg = Debug|Any CPU
		{A0BB7EDE-BB8D-460E-BF83-220D5A6A438D}.Debug|Any CPU.Build.0 = Debug|Any CPU
		{A0BB7EDE-BB8D-460E-BF83-220D5A6A438D}.Release|Any CPU.ActiveCfg = Release|Any CPU
		{A0BB7EDE-BB8D-460E-BF83-220D5A6A438D}.Release|Any CPU.Build.0 = Release|Any CPU
	EndGlobalSection
	GlobalSection(SolutionProperties) = preSolution
		HideSolutionNode = FALSE
	EndGlobalSection
	GlobalSection(ExtensibilityGlobals) = postSolution
		SolutionGuid = {49D11D60-CF2B-4C5C-8C82-776C2CFA62C8}
	EndGlobalSection
EndGlobal
