
Microsoft Visual Studio Solution File, Format Version 12.00
# Visual Studio Version 17
VisualStudioVersion = 17.8.34511.84
MinimumVisualStudioVersion = 10.0.40219.1
Project("{FAE04EC0-301F-11D3-BF4B-00C04F79EFBC}") = "Exercise33", "Exercise33\Exercise33.csproj", "{F966911F-1919-4DD2-90FC-4D398BBC04FB}"
EndProject
Global
	GlobalSection(SolutionConfigurationPlatforms) = preSolution
		Debug|Any CPU = Debug|Any CPU
		Release|Any CPU = Release|Any CPU
	EndGlobalSection
	GlobalSection(ProjectConfigurationPlatforms) = postSolution
		{F966911F-1919-4DD2-90FC-4D398BBC04FB}.Debug|Any CPU.ActiveCfg = Debug|Any CPU
		{F966911F-1919-4DD2-90FC-4D398BBC04FB}.Debug|Any CPU.Build.0 = Debug|Any CPU
		{F966911F-1919-4DD2-90FC-4D398BBC04FB}.Release|Any CPU.ActiveCfg = Release|Any CPU
		{F966911F-1919-4DD2-90FC-4D398BBC04FB}.Release|Any CPU.Build.0 = Release|Any CPU
	EndGlobalSection
	GlobalSection(SolutionProperties) = preSolution
		HideSolutionNode = FALSE
	EndGlobalSection
	GlobalSection(ExtensibilityGlobals) = postSolution
		SolutionGuid = {1E9FFCF1-FD8B-4A2D-86D8-728BF98D915B}
	EndGlobalSection
EndGlobal
