
Microsoft Visual Studio Solution File, Format Version 12.00
# Visual Studio Version 17
VisualStudioVersion = 17.8.34511.84
MinimumVisualStudioVersion = 10.0.40219.1
Project("{FAE04EC0-301F-11D3-BF4B-00C04F79EFBC}") = "Exercise45", "Exercise45\Exercise45.csproj", "{58513ADF-050A-4ECC-8C54-B531E4864579}"
EndProject
Global
	GlobalSection(SolutionConfigurationPlatforms) = preSolution
		Debug|Any CPU = Debug|Any CPU
		Release|Any CPU = Release|Any CPU
	EndGlobalSection
	GlobalSection(ProjectConfigurationPlatforms) = postSolution
		{58513ADF-050A-4ECC-8C54-B531E4864579}.Debug|Any CPU.ActiveCfg = Debug|Any CPU
		{58513ADF-050A-4ECC-8C54-B531E4864579}.Debug|Any CPU.Build.0 = Debug|Any CPU
		{58513ADF-050A-4ECC-8C54-B531E4864579}.Release|Any CPU.ActiveCfg = Release|Any CPU
		{58513ADF-050A-4ECC-8C54-B531E4864579}.Release|Any CPU.Build.0 = Release|Any CPU
	EndGlobalSection
	GlobalSection(SolutionProperties) = preSolution
		HideSolutionNode = FALSE
	EndGlobalSection
	GlobalSection(ExtensibilityGlobals) = postSolution
		SolutionGuid = {24C16B15-9894-4E86-B030-EA87EA0C9F25}
	EndGlobalSection
EndGlobal
