
Microsoft Visual Studio Solution File, Format Version 12.00
# Visual Studio Version 17
VisualStudioVersion = 17.8.34511.84
MinimumVisualStudioVersion = 10.0.40219.1
Project("{FAE04EC0-301F-11D3-BF4B-00C04F79EFBC}") = "Exercise47", "Exercise47\Exercise47.csproj", "{30CC581A-1DD7-49D9-AD69-D8E54E6FA4D8}"
EndProject
Global
	GlobalSection(SolutionConfigurationPlatforms) = preSolution
		Debug|Any CPU = Debug|Any CPU
		Release|Any CPU = Release|Any CPU
	EndGlobalSection
	GlobalSection(ProjectConfigurationPlatforms) = postSolution
		{30CC581A-1DD7-49D9-AD69-D8E54E6FA4D8}.Debug|Any CPU.ActiveCfg = Debug|Any CPU
		{30CC581A-1DD7-49D9-AD69-D8E54E6FA4D8}.Debug|Any CPU.Build.0 = Debug|Any CPU
		{30CC581A-1DD7-49D9-AD69-D8E54E6FA4D8}.Release|Any CPU.ActiveCfg = Release|Any CPU
		{30CC581A-1DD7-49D9-AD69-D8E54E6FA4D8}.Release|Any CPU.Build.0 = Release|Any CPU
	EndGlobalSection
	GlobalSection(SolutionProperties) = preSolution
		HideSolutionNode = FALSE
	EndGlobalSection
	GlobalSection(ExtensibilityGlobals) = postSolution
		SolutionGuid = {50FEA70E-1210-46B2-9184-D1EDDDFD9172}
	EndGlobalSection
EndGlobal
